
Microsoft Visual Studio Solution File, Format Version 12.00
# Visual Studio Version 16
VisualStudioVersion = 16.0.32228.343
MinimumVisualStudioVersion = 10.0.40219.1
Project("{FAE04EC0-301F-11D3-BF4B-00C04F79EFBC}") = "UDPServer", "UDPServer\UDPServer.csproj", "{12C07CCF-4281-4CC4-8123-B892888A08B8}"
EndProject
Global
	GlobalSection(SolutionConfigurationPlatforms) = preSolution
		Debug|Any CPU = Debug|Any CPU
		Release|Any CPU = Release|Any CPU
	EndGlobalSection
	GlobalSection(ProjectConfigurationPlatforms) = postSolution
		{12C07CCF-4281-4CC4-8123-B892888A08B8}.Debug|Any CPU.ActiveCfg = Debug|Any CPU
		{12C07CCF-4281-4CC4-8123-B892888A08B8}.Debug|Any CPU.Build.0 = Debug|Any CPU
		{12C07CCF-4281-4CC4-8123-B892888A08B8}.Release|Any CPU.ActiveCfg = Release|Any CPU
		{12C07CCF-4281-4CC4-8123-B892888A08B8}.Release|Any CPU.Build.0 = Release|Any CPU
	EndGlobalSection
	GlobalSection(SolutionProperties) = preSolution
		HideSolutionNode = FALSE
	EndGlobalSection
	GlobalSection(ExtensibilityGlobals) = postSolution
		SolutionGuid = {F4ADDB8D-595E-48D3-81E8-782702F8A8C3}
	EndGlobalSection
EndGlobal
