
Microsoft Visual Studio Solution File, Format Version 12.00
# Visual Studio Version 16
VisualStudioVersion = 16.0.32228.343
MinimumVisualStudioVersion = 10.0.40219.1
Project("{FAE04EC0-301F-11D3-BF4B-00C04F79EFBC}") = "Server", "Server\Server.csproj", "{61FA050D-7575-4C04-BEDF-9A6220A2DEC0}"
EndProject
Global
	GlobalSection(SolutionConfigurationPlatforms) = preSolution
		Debug|Any CPU = Debug|Any CPU
		Release|Any CPU = Release|Any CPU
	EndGlobalSection
	GlobalSection(ProjectConfigurationPlatforms) = postSolution
		{61FA050D-7575-4C04-BEDF-9A6220A2DEC0}.Debug|Any CPU.ActiveCfg = Debug|Any CPU
		{61FA050D-7575-4C04-BEDF-9A6220A2DEC0}.Debug|Any CPU.Build.0 = Debug|Any CPU
		{61FA050D-7575-4C04-BEDF-9A6220A2DEC0}.Release|Any CPU.ActiveCfg = Release|Any CPU
		{61FA050D-7575-4C04-BEDF-9A6220A2DEC0}.Release|Any CPU.Build.0 = Release|Any CPU
	EndGlobalSection
	GlobalSection(SolutionProperties) = preSolution
		HideSolutionNode = FALSE
	EndGlobalSection
	GlobalSection(ExtensibilityGlobals) = postSolution
		SolutionGuid = {33C1842D-15AF-49E2-B834-3A527F51AD5D}
	EndGlobalSection
EndGlobal
