
Microsoft Visual Studio Solution File, Format Version 12.00
# Visual Studio Version 16
VisualStudioVersion = 16.0.32228.343
MinimumVisualStudioVersion = 10.0.40219.1
Project("{FAE04EC0-301F-11D3-BF4B-00C04F79EFBC}") = "Cau3-Server", "Cau3-Server\Cau3-Server.csproj", "{937C6873-CA03-4857-ADCD-73A3D299BBF2}"
EndProject
Global
	GlobalSection(SolutionConfigurationPlatforms) = preSolution
		Debug|Any CPU = Debug|Any CPU
		Release|Any CPU = Release|Any CPU
	EndGlobalSection
	GlobalSection(ProjectConfigurationPlatforms) = postSolution
		{937C6873-CA03-4857-ADCD-73A3D299BBF2}.Debug|Any CPU.ActiveCfg = Debug|Any CPU
		{937C6873-CA03-4857-ADCD-73A3D299BBF2}.Debug|Any CPU.Build.0 = Debug|Any CPU
		{937C6873-CA03-4857-ADCD-73A3D299BBF2}.Release|Any CPU.ActiveCfg = Release|Any CPU
		{937C6873-CA03-4857-ADCD-73A3D299BBF2}.Release|Any CPU.Build.0 = Release|Any CPU
	EndGlobalSection
	GlobalSection(SolutionProperties) = preSolution
		HideSolutionNode = FALSE
	EndGlobalSection
	GlobalSection(ExtensibilityGlobals) = postSolution
		SolutionGuid = {BFD0CD98-EF94-4D6C-BE45-271597F958FC}
	EndGlobalSection
EndGlobal
