
Microsoft Visual Studio Solution File, Format Version 12.00
# Visual Studio Version 16
VisualStudioVersion = 16.0.32228.343
MinimumVisualStudioVersion = 10.0.40219.1
Project("{FAE04EC0-301F-11D3-BF4B-00C04F79EFBC}") = "Server", "Server\Server.csproj", "{157C95EA-87CE-432B-899E-71C3058076A7}"
EndProject
Global
	GlobalSection(SolutionConfigurationPlatforms) = preSolution
		Debug|Any CPU = Debug|Any CPU
		Release|Any CPU = Release|Any CPU
	EndGlobalSection
	GlobalSection(ProjectConfigurationPlatforms) = postSolution
		{157C95EA-87CE-432B-899E-71C3058076A7}.Debug|Any CPU.ActiveCfg = Debug|Any CPU
		{157C95EA-87CE-432B-899E-71C3058076A7}.Debug|Any CPU.Build.0 = Debug|Any CPU
		{157C95EA-87CE-432B-899E-71C3058076A7}.Release|Any CPU.ActiveCfg = Release|Any CPU
		{157C95EA-87CE-432B-899E-71C3058076A7}.Release|Any CPU.Build.0 = Release|Any CPU
	EndGlobalSection
	GlobalSection(SolutionProperties) = preSolution
		HideSolutionNode = FALSE
	EndGlobalSection
	GlobalSection(ExtensibilityGlobals) = postSolution
		SolutionGuid = {95F207F8-95FA-41DA-A860-01BF04C0EEC7}
	EndGlobalSection
EndGlobal
