
Microsoft Visual Studio Solution File, Format Version 12.00
# Visual Studio Version 16
VisualStudioVersion = 16.0.32228.343
MinimumVisualStudioVersion = 10.0.40219.1
Project("{FAE04EC0-301F-11D3-BF4B-00C04F79EFBC}") = "Client", "Client\Client.csproj", "{F3323A6E-67BA-4A2C-9707-98BA78FE14B1}"
EndProject
Global
	GlobalSection(SolutionConfigurationPlatforms) = preSolution
		Debug|Any CPU = Debug|Any CPU
		Release|Any CPU = Release|Any CPU
	EndGlobalSection
	GlobalSection(ProjectConfigurationPlatforms) = postSolution
		{F3323A6E-67BA-4A2C-9707-98BA78FE14B1}.Debug|Any CPU.ActiveCfg = Debug|Any CPU
		{F3323A6E-67BA-4A2C-9707-98BA78FE14B1}.Debug|Any CPU.Build.0 = Debug|Any CPU
		{F3323A6E-67BA-4A2C-9707-98BA78FE14B1}.Release|Any CPU.ActiveCfg = Release|Any CPU
		{F3323A6E-67BA-4A2C-9707-98BA78FE14B1}.Release|Any CPU.Build.0 = Release|Any CPU
	EndGlobalSection
	GlobalSection(SolutionProperties) = preSolution
		HideSolutionNode = FALSE
	EndGlobalSection
	GlobalSection(ExtensibilityGlobals) = postSolution
		SolutionGuid = {8C81AF5D-71CF-44DE-8C5D-1C5BDD97E302}
	EndGlobalSection
EndGlobal
