
Microsoft Visual Studio Solution File, Format Version 12.00
# Visual Studio Version 16
VisualStudioVersion = 16.0.32228.343
MinimumVisualStudioVersion = 10.0.40219.1
Project("{FAE04EC0-301F-11D3-BF4B-00C04F79EFBC}") = "Client", "Client\Client.csproj", "{ACF77C1D-7582-488A-AFF4-D1BA6A02FCFC}"
EndProject
Global
	GlobalSection(SolutionConfigurationPlatforms) = preSolution
		Debug|Any CPU = Debug|Any CPU
		Release|Any CPU = Release|Any CPU
	EndGlobalSection
	GlobalSection(ProjectConfigurationPlatforms) = postSolution
		{ACF77C1D-7582-488A-AFF4-D1BA6A02FCFC}.Debug|Any CPU.ActiveCfg = Debug|Any CPU
		{ACF77C1D-7582-488A-AFF4-D1BA6A02FCFC}.Debug|Any CPU.Build.0 = Debug|Any CPU
		{ACF77C1D-7582-488A-AFF4-D1BA6A02FCFC}.Release|Any CPU.ActiveCfg = Release|Any CPU
		{ACF77C1D-7582-488A-AFF4-D1BA6A02FCFC}.Release|Any CPU.Build.0 = Release|Any CPU
	EndGlobalSection
	GlobalSection(SolutionProperties) = preSolution
		HideSolutionNode = FALSE
	EndGlobalSection
	GlobalSection(ExtensibilityGlobals) = postSolution
		SolutionGuid = {CBA3CE8A-A096-43FA-A582-00E387DA0B2B}
	EndGlobalSection
EndGlobal
