
Microsoft Visual Studio Solution File, Format Version 12.00
# Visual Studio Version 16
VisualStudioVersion = 16.0.32228.343
MinimumVisualStudioVersion = 10.0.40219.1
Project("{FAE04EC0-301F-11D3-BF4B-00C04F79EFBC}") = "Cau5-Client", "Cau5-Client\Cau5-Client.csproj", "{F9865986-7B99-46AD-A7F5-73EC700E2CB8}"
EndProject
Global
	GlobalSection(SolutionConfigurationPlatforms) = preSolution
		Debug|Any CPU = Debug|Any CPU
		Release|Any CPU = Release|Any CPU
	EndGlobalSection
	GlobalSection(ProjectConfigurationPlatforms) = postSolution
		{F9865986-7B99-46AD-A7F5-73EC700E2CB8}.Debug|Any CPU.ActiveCfg = Debug|Any CPU
		{F9865986-7B99-46AD-A7F5-73EC700E2CB8}.Debug|Any CPU.Build.0 = Debug|Any CPU
		{F9865986-7B99-46AD-A7F5-73EC700E2CB8}.Release|Any CPU.ActiveCfg = Release|Any CPU
		{F9865986-7B99-46AD-A7F5-73EC700E2CB8}.Release|Any CPU.Build.0 = Release|Any CPU
	EndGlobalSection
	GlobalSection(SolutionProperties) = preSolution
		HideSolutionNode = FALSE
	EndGlobalSection
	GlobalSection(ExtensibilityGlobals) = postSolution
		SolutionGuid = {6F6AEF5C-1913-437F-A66D-0C850FAFF9F3}
	EndGlobalSection
EndGlobal
