
Microsoft Visual Studio Solution File, Format Version 12.00
# Visual Studio Version 16
VisualStudioVersion = 16.0.32228.343
MinimumVisualStudioVersion = 10.0.40219.1
Project("{FAE04EC0-301F-11D3-BF4B-00C04F79EFBC}") = "TcpEchoClient", "TcpEchoClient\TcpEchoClient.csproj", "{AC15860C-4542-4AD9-B579-4F6321EF6789}"
EndProject
Global
	GlobalSection(SolutionConfigurationPlatforms) = preSolution
		Debug|Any CPU = Debug|Any CPU
		Release|Any CPU = Release|Any CPU
	EndGlobalSection
	GlobalSection(ProjectConfigurationPlatforms) = postSolution
		{AC15860C-4542-4AD9-B579-4F6321EF6789}.Debug|Any CPU.ActiveCfg = Debug|Any CPU
		{AC15860C-4542-4AD9-B579-4F6321EF6789}.Debug|Any CPU.Build.0 = Debug|Any CPU
		{AC15860C-4542-4AD9-B579-4F6321EF6789}.Release|Any CPU.ActiveCfg = Release|Any CPU
		{AC15860C-4542-4AD9-B579-4F6321EF6789}.Release|Any CPU.Build.0 = Release|Any CPU
	EndGlobalSection
	GlobalSection(SolutionProperties) = preSolution
		HideSolutionNode = FALSE
	EndGlobalSection
	GlobalSection(ExtensibilityGlobals) = postSolution
		SolutionGuid = {DBCB60AE-48F9-4EC0-96CA-1CC86E606C1F}
	EndGlobalSection
EndGlobal
