
Microsoft Visual Studio Solution File, Format Version 12.00
# Visual Studio Version 16
VisualStudioVersion = 16.0.32228.343
MinimumVisualStudioVersion = 10.0.40219.1
Project("{FAE04EC0-301F-11D3-BF4B-00C04F79EFBC}") = "UDPClient", "UDPClient\UDPClient.csproj", "{8363E84C-C61D-4255-AFD2-4F64792E9665}"
EndProject
Global
	GlobalSection(SolutionConfigurationPlatforms) = preSolution
		Debug|Any CPU = Debug|Any CPU
		Release|Any CPU = Release|Any CPU
	EndGlobalSection
	GlobalSection(ProjectConfigurationPlatforms) = postSolution
		{8363E84C-C61D-4255-AFD2-4F64792E9665}.Debug|Any CPU.ActiveCfg = Debug|Any CPU
		{8363E84C-C61D-4255-AFD2-4F64792E9665}.Debug|Any CPU.Build.0 = Debug|Any CPU
		{8363E84C-C61D-4255-AFD2-4F64792E9665}.Release|Any CPU.ActiveCfg = Release|Any CPU
		{8363E84C-C61D-4255-AFD2-4F64792E9665}.Release|Any CPU.Build.0 = Release|Any CPU
	EndGlobalSection
	GlobalSection(SolutionProperties) = preSolution
		HideSolutionNode = FALSE
	EndGlobalSection
	GlobalSection(ExtensibilityGlobals) = postSolution
		SolutionGuid = {C14E0BEE-931F-432B-AABD-119CFD6C3805}
	EndGlobalSection
EndGlobal
