
Microsoft Visual Studio Solution File, Format Version 12.00
# Visual Studio Version 16
VisualStudioVersion = 16.0.32228.343
MinimumVisualStudioVersion = 10.0.40219.1
Project("{FAE04EC0-301F-11D3-BF4B-00C04F79EFBC}") = "Cau5-Client", "Cau5-Client\Cau5-Client.csproj", "{D878B5B6-28A4-4208-9FC7-5FD0E194352E}"
EndProject
Global
	GlobalSection(SolutionConfigurationPlatforms) = preSolution
		Debug|Any CPU = Debug|Any CPU
		Release|Any CPU = Release|Any CPU
	EndGlobalSection
	GlobalSection(ProjectConfigurationPlatforms) = postSolution
		{D878B5B6-28A4-4208-9FC7-5FD0E194352E}.Debug|Any CPU.ActiveCfg = Debug|Any CPU
		{D878B5B6-28A4-4208-9FC7-5FD0E194352E}.Debug|Any CPU.Build.0 = Debug|Any CPU
		{D878B5B6-28A4-4208-9FC7-5FD0E194352E}.Release|Any CPU.ActiveCfg = Release|Any CPU
		{D878B5B6-28A4-4208-9FC7-5FD0E194352E}.Release|Any CPU.Build.0 = Release|Any CPU
	EndGlobalSection
	GlobalSection(SolutionProperties) = preSolution
		HideSolutionNode = FALSE
	EndGlobalSection
	GlobalSection(ExtensibilityGlobals) = postSolution
		SolutionGuid = {D67F050C-0702-46F5-8186-FFD1BADBFD80}
	EndGlobalSection
EndGlobal
